
Microsoft Visual Studio Solution File, Format Version 12.00
# Visual Studio Version 16
VisualStudioVersion = 16.0.29123.88
MinimumVisualStudioVersion = 10.0.40219.1
Project("{888888A0-9F3D-457C-B088-3A5042F75D52}") = "APCSPyeet", "APCSPyeet\APCSPyeet.pyproj", "{AB3151E4-E329-4CA3-9409-B4DDEA359E10}"
EndProject
Global
	GlobalSection(SolutionConfigurationPlatforms) = preSolution
		Debug|Any CPU = Debug|Any CPU
		Release|Any CPU = Release|Any CPU
	EndGlobalSection
	GlobalSection(ProjectConfigurationPlatforms) = postSolution
		{AB3151E4-E329-4CA3-9409-B4DDEA359E10}.Debug|Any CPU.ActiveCfg = Debug|Any CPU
		{AB3151E4-E329-4CA3-9409-B4DDEA359E10}.Debug|Any CPU.Build.0 = Debug|Any CPU
		{AB3151E4-E329-4CA3-9409-B4DDEA359E10}.Release|Any CPU.ActiveCfg = Release|Any CPU
		{AB3151E4-E329-4CA3-9409-B4DDEA359E10}.Release|Any CPU.Build.0 = Release|Any CPU
	EndGlobalSection
	GlobalSection(SolutionProperties) = preSolution
		HideSolutionNode = FALSE
	EndGlobalSection
	GlobalSection(ExtensibilityGlobals) = postSolution
		SolutionGuid = {B7B050AE-E389-40B5-837F-BF8442973B63}
	EndGlobalSection
EndGlobal
