
Microsoft Visual Studio Solution File, Format Version 12.00
# Visual Studio Version 16
VisualStudioVersion = 16.0.29123.88
MinimumVisualStudioVersion = 10.0.40219.1
Project("{888888A0-9F3D-457C-B088-3A5042F75D52}") = "APCSPyeet", "APCSPyeet\APCSPyeet.pyproj", "{E0D3D790-3CC4-4EEC-BCF3-77257594B66B}"
EndProject
Global
	GlobalSection(SolutionConfigurationPlatforms) = preSolution
		Debug|Any CPU = Debug|Any CPU
		Release|Any CPU = Release|Any CPU
	EndGlobalSection
	GlobalSection(ProjectConfigurationPlatforms) = postSolution
		{E0D3D790-3CC4-4EEC-BCF3-77257594B66B}.Debug|Any CPU.ActiveCfg = Debug|Any CPU
		{E0D3D790-3CC4-4EEC-BCF3-77257594B66B}.Debug|Any CPU.Build.0 = Debug|Any CPU
		{E0D3D790-3CC4-4EEC-BCF3-77257594B66B}.Release|Any CPU.ActiveCfg = Release|Any CPU
		{E0D3D790-3CC4-4EEC-BCF3-77257594B66B}.Release|Any CPU.Build.0 = Release|Any CPU
	EndGlobalSection
	GlobalSection(SolutionProperties) = preSolution
		HideSolutionNode = FALSE
	EndGlobalSection
	GlobalSection(ExtensibilityGlobals) = postSolution
		SolutionGuid = {999CA895-CB6D-4E59-9EBE-C76DA894378D}
	EndGlobalSection
EndGlobal
